{
    "_readme": [
        "This file locks the dependencies of your project to a known state",
        "Read more about it at https://getcomposer.org/doc/01-basic-usage.md#installing-dependencies",
        "This file is @generated automatically"
    ],
    "content-hash": "e2a33018fccd9596f9f8b8c7f460e010",
    "packages": [
        {
            "name": "omdedia/db_manager",
            "version": "dev-main",
            "source": {
                "type": "git",
                "url": "git@github.com:Omedia/Database-Manager.git",
                "reference": "1aba66dcd6d40d3c0b7804a327f4a9bdf0617524"
            },
            "require": {
                "omedia/config_manager": "dev-main"
            },
            "default-branch": true,
            "type": "library",
            "autoload": {
                "psr-4": {
                    "Omedia\\DBManager\\": "src/"
                }
            },
            "license": [
                "MIT"
            ],
            "authors": [
                {
                    "name": "Davit Magaldadze",
                    "email": "davitako777@gmail.com"
                }
            ],
            "description": "A simple database manager",
            "time": "2024-08-04T18:43:29+00:00"
        },
        {
            "name": "omedia/config_manager",
            "version": "dev-main",
            "source": {
                "type": "git",
                "url": "git@github.com:Omedia/Bootcamp-Config-Manager.git",
                "reference": "52b68c671034c97fabc5a9293e0d460c23b3f936"
            },
            "default-branch": true,
            "type": "library",
            "autoload": {
                "psr-4": {
                    "Omedia\\ConfigManager\\": "src/"
                }
            },
            "license": [
                "MIT"
            ],
            "authors": [
                {
                    "name": "Davit Magaldadze",
                    "email": "davitako777@gmail.com"
                }
            ],
            "description": "Configuration management library",
            "time": "2024-07-14T11:58:28+00:00"
        },
        {
            "name": "omedia/console",
            "version": "dev-main",
            "source": {
                "type": "git",
                "url": "git@github.com:Omedia/Bootcamp-Console.git",
                "reference": "d812f0d052d0c5a6735162ddde17a16201ed57cf"
            },
            "require": {
                "symfony/yaml": "^7.1"
            },
            "default-branch": true,
            "type": "library",
            "autoload": {
                "psr-4": {
                    "Omedia\\Command\\": "src/"
                }
            },
            "scripts": {
                "post-install-cmd": [
                    "php scripts/generate-console.php"
                ]
            },
            "license": [
                "MIT"
            ],
            "authors": [
                {
                    "name": "Davit Magaldadze",
                    "email": "davitako777@gmail.com"
                }
            ],
            "description": "A simple console tool for automating common tasks",
            "time": "2024-07-27T00:22:22+00:00"
        },
        {
            "name": "omedia/http-foundation",
            "version": "dev-main",
            "source": {
                "type": "git",
                "url": "git@github.com:Omedia/Bootcamp-HTTP-Foundation.git",
                "reference": "5f6f710d1a134f6bb0da64289270e1e72f741d96"
            },
            "default-branch": true,
            "type": "library",
            "autoload": {
                "psr-4": {
                    "Omedia\\HttpFoundation\\": "src/"
                }
            },
            "license": [
                "MIT"
            ],
            "authors": [
                {
                    "name": "Davit Magaldadze",
                    "email": "davitako777@gmail.com"
                }
            ],
            "description": "Defines an object-oriented layer over HTTP",
            "time": "2024-08-04T20:28:38+00:00"
        },
        {
            "name": "omedia/router",
            "version": "dev-main",
            "source": {
                "type": "git",
                "url": "git@github.com:Omedia/Bootcamp-Router.git",
                "reference": "73d4158ee1a41b3e0add1fee9aee05791c4accb4"
            },
            "require": {
                "omedia/config_manager": "dev-main",
                "symfony/yaml": "^7.1"
            },
            "default-branch": true,
            "type": "library",
            "autoload": {
                "psr-4": {
                    "Omedia\\Router\\": "src/",
                    "Omedia\\Router\\Exceptions\\": "Exceptions/"
                }
            },
            "license": [
                "MIT"
            ],
            "authors": [
                {
                    "name": "Davit Magaldadze",
                    "email": "davitako777@gmail.com"
                }
            ],
            "description": "Simple router implementation",
            "time": "2024-07-26T21:59:44+00:00"
        },
        {
            "name": "omedia/temple",
            "version": "dev-main",
            "source": {
                "type": "git",
                "url": "git@github.com:Omedia/Bootcamp-Temple.git",
                "reference": "d37589b5e12304fa9bedd0d87b6edb5dbc409811"
            },
            "default-branch": true,
            "type": "library",
            "autoload": {
                "psr-4": {
                    "Omedia\\Temple\\": "src/"
                }
            },
            "license": [
                "MIT"
            ],
            "authors": [
                {
                    "name": "Davit Magaldadze",
                    "email": "davitako777@gmail.com"
                }
            ],
            "description": "A simple template engine",
            "time": "2024-08-04T23:40:01+00:00"
        },
        {
            "name": "symfony/deprecation-contracts",
            "version": "dev-main",
            "source": {
                "type": "git",
                "url": "https://github.com/symfony/deprecation-contracts.git",
                "reference": "0e0d29ce1f20deffb4ab1b016a7257c4f1e789a1"
            },
            "dist": {
                "type": "zip",
                "url": "https://api.github.com/repos/symfony/deprecation-contracts/zipball/0e0d29ce1f20deffb4ab1b016a7257c4f1e789a1",
                "reference": "0e0d29ce1f20deffb4ab1b016a7257c4f1e789a1",
                "shasum": ""
            },
            "require": {
                "php": ">=8.1"
            },
            "default-branch": true,
            "type": "library",
            "extra": {
                "branch-alias": {
                    "dev-main": "3.5-dev"
                },
                "thanks": {
                    "name": "symfony/contracts",
                    "url": "https://github.com/symfony/contracts"
                }
            },
            "autoload": {
                "files": [
                    "function.php"
                ]
            },
            "notification-url": "https://packagist.org/downloads/",
            "license": [
                "MIT"
            ],
            "authors": [
                {
                    "name": "Nicolas Grekas",
                    "email": "p@tchwork.com"
                },
                {
                    "name": "Symfony Community",
                    "homepage": "https://symfony.com/contributors"
                }
            ],
            "description": "A generic function and convention to trigger deprecation notices",
            "homepage": "https://symfony.com",
            "support": {
                "source": "https://github.com/symfony/deprecation-contracts/tree/v3.5.0"
            },
            "funding": [
                {
                    "url": "https://symfony.com/sponsor",
                    "type": "custom"
                },
                {
                    "url": "https://github.com/fabpot",
                    "type": "github"
                },
                {
                    "url": "https://tidelift.com/funding/github/packagist/symfony/symfony",
                    "type": "tidelift"
                }
            ],
            "time": "2024-04-18T09:32:20+00:00"
        },
        {
            "name": "symfony/polyfill-ctype",
            "version": "1.x-dev",
            "source": {
                "type": "git",
                "url": "https://github.com/symfony/polyfill-ctype.git",
                "reference": "0424dff1c58f028c451efff2045f5d92410bd540"
            },
            "dist": {
                "type": "zip",
                "url": "https://api.github.com/repos/symfony/polyfill-ctype/zipball/0424dff1c58f028c451efff2045f5d92410bd540",
                "reference": "0424dff1c58f028c451efff2045f5d92410bd540",
                "shasum": ""
            },
            "require": {
                "php": ">=7.1"
            },
            "provide": {
                "ext-ctype": "*"
            },
            "suggest": {
                "ext-ctype": "For best performance"
            },
            "default-branch": true,
            "type": "library",
            "extra": {
                "thanks": {
                    "name": "symfony/polyfill",
                    "url": "https://github.com/symfony/polyfill"
                }
            },
            "autoload": {
                "files": [
                    "bootstrap.php"
                ],
                "psr-4": {
                    "Symfony\\Polyfill\\Ctype\\": ""
                }
            },
            "notification-url": "https://packagist.org/downloads/",
            "license": [
                "MIT"
            ],
            "authors": [
                {
                    "name": "Gert de Pagter",
                    "email": "BackEndTea@gmail.com"
                },
                {
                    "name": "Symfony Community",
                    "homepage": "https://symfony.com/contributors"
                }
            ],
            "description": "Symfony polyfill for ctype functions",
            "homepage": "https://symfony.com",
            "keywords": [
                "compatibility",
                "ctype",
                "polyfill",
                "portable"
            ],
            "support": {
                "source": "https://github.com/symfony/polyfill-ctype/tree/v1.30.0"
            },
            "funding": [
                {
                    "url": "https://symfony.com/sponsor",
                    "type": "custom"
                },
                {
                    "url": "https://github.com/fabpot",
                    "type": "github"
                },
                {
                    "url": "https://tidelift.com/funding/github/packagist/symfony/symfony",
                    "type": "tidelift"
                }
            ],
            "time": "2024-05-31T15:07:36+00:00"
        },
        {
            "name": "symfony/yaml",
            "version": "7.2.x-dev",
            "source": {
                "type": "git",
                "url": "https://github.com/symfony/yaml.git",
                "reference": "9a80908ffb6ac2b988927f990450490c68e43594"
            },
            "dist": {
                "type": "zip",
                "url": "https://api.github.com/repos/symfony/yaml/zipball/9a80908ffb6ac2b988927f990450490c68e43594",
                "reference": "9a80908ffb6ac2b988927f990450490c68e43594",
                "shasum": ""
            },
            "require": {
                "php": ">=8.2",
                "symfony/deprecation-contracts": "^2.5|^3.0",
                "symfony/polyfill-ctype": "^1.8"
            },
            "conflict": {
                "symfony/console": "<6.4"
            },
            "require-dev": {
                "symfony/console": "^6.4|^7.0"
            },
            "bin": [
                "Resources/bin/yaml-lint"
            ],
            "type": "library",
            "autoload": {
                "psr-4": {
                    "Symfony\\Component\\Yaml\\": ""
                },
                "exclude-from-classmap": [
                    "/Tests/"
                ]
            },
            "notification-url": "https://packagist.org/downloads/",
            "license": [
                "MIT"
            ],
            "authors": [
                {
                    "name": "Fabien Potencier",
                    "email": "fabien@symfony.com"
                },
                {
                    "name": "Symfony Community",
                    "homepage": "https://symfony.com/contributors"
                }
            ],
            "description": "Loads and dumps YAML files",
            "homepage": "https://symfony.com",
            "support": {
                "source": "https://github.com/symfony/yaml/tree/7.2"
            },
            "funding": [
                {
                    "url": "https://symfony.com/sponsor",
                    "type": "custom"
                },
                {
                    "url": "https://github.com/fabpot",
                    "type": "github"
                },
                {
                    "url": "https://tidelift.com/funding/github/packagist/symfony/symfony",
                    "type": "tidelift"
                }
            ],
            "time": "2024-07-22T10:44:49+00:00"
        }
    ],
    "packages-dev": [],
    "aliases": [],
    "minimum-stability": "dev",
    "stability-flags": {
        "symfony/yaml": 20,
        "omedia/temple": 20,
        "omedia/router": 20,
        "omedia/config_manager": 20,
        "omedia/console": 20,
        "omdedia/db_manager": 20
    },
    "prefer-stable": false,
    "prefer-lowest": false,
    "platform": {
        "php": ">=8.1",
        "ext-pdo": "*"
    },
    "platform-dev": [],
    "plugin-api-version": "2.6.0"
}
